
Microsoft Visual Studio Solution File, Format Version 12.00
# Visual Studio 2017
Project("{FAE04EC0-301F-11D3-BF4B-00C04F79EFBC}") = "DataBase Test", "DataBase Test.csproj", "{B06F3734-C650-F412-7159-AFA1BAA192AB}"
EndProject
Global
	GlobalSection(SolutionConfigurationPlatforms) = preSolution
		Debug|Any CPU = Debug|Any CPU
		Release|Any CPU = Release|Any CPU
	EndGlobalSection
	GlobalSection(ProjectConfigurationPlatforms) = postSolution
		{B06F3734-C650-F412-7159-AFA1BAA192AB}.Debug|Any CPU.ActiveCfg = Debug|Any CPU
		{B06F3734-C650-F412-7159-AFA1BAA192AB}.Debug|Any CPU.Build.0 = Debug|Any CPU
		{B06F3734-C650-F412-7159-AFA1BAA192AB}.Release|Any CPU.ActiveCfg = Release|Any CPU
		{B06F3734-C650-F412-7159-AFA1BAA192AB}.Release|Any CPU.Build.0 = Release|Any CPU
	EndGlobalSection
	GlobalSection(SolutionProperties) = preSolution
		HideSolutionNode = FALSE
	EndGlobalSection
EndGlobal
